// !$*UTF8*$!
{
	archiveVersion = 1;
	classes = {
	};
	objectVersion = 46;
	objects = {

/* Begin PBXBuildFile section */
		E22496DC1E325B3A0014E1B3 /* ChooseBuildingViewController.swift in Sources */ = {isa = PBXBuildFile; fileRef = E22496DB1E325B3A0014E1B3 /* ChooseBuildingViewController.swift */; };
		E22496DE1E356C3D0014E1B3 /* BuildingFromServerTableViewCell.swift in Sources */ = {isa = PBXBuildFile; fileRef = E22496DD1E356C3D0014E1B3 /* BuildingFromServerTableViewCell.swift */; };
		E22496E01E3571940014E1B3 /* DownloadedBuildingsViewController.swift in Sources */ = {isa = PBXBuildFile; fileRef = E22496DF1E3571940014E1B3 /* DownloadedBuildingsViewController.swift */; };
		E235139A1DCE25450002A25B /* AppDelegate.swift in Sources */ = {isa = PBXBuildFile; fileRef = E23513991DCE25450002A25B /* AppDelegate.swift */; };
		E235139C1DCE25450002A25B /* ViewController.swift in Sources */ = {isa = PBXBuildFile; fileRef = E235139B1DCE25450002A25B /* ViewController.swift */; };
		E235139F1DCE25450002A25B /* Main.storyboard in Resources */ = {isa = PBXBuildFile; fileRef = E235139D1DCE25450002A25B /* Main.storyboard */; };
		E23513A11DCE25460002A25B /* Assets.xcassets in Resources */ = {isa = PBXBuildFile; fileRef = E23513A01DCE25460002A25B /* Assets.xcassets */; };
		E23513A41DCE25460002A25B /* LaunchScreen.storyboard in Resources */ = {isa = PBXBuildFile; fileRef = E23513A21DCE25460002A25B /* LaunchScreen.storyboard */; };
		E25E10C71DE5E66500228C5F /* ChooseFloorViewController.swift in Sources */ = {isa = PBXBuildFile; fileRef = E25E10C61DE5E66500228C5F /* ChooseFloorViewController.swift */; };
		E25E10C91DE5E88300228C5F /* FloorTableViewCell.swift in Sources */ = {isa = PBXBuildFile; fileRef = E25E10C81DE5E88300228C5F /* FloorTableViewCell.swift */; };
		E25E10CB1DE5F5FC00228C5F /* ParserAndBuilder.swift in Sources */ = {isa = PBXBuildFile; fileRef = E25E10CA1DE5F5FC00228C5F /* ParserAndBuilder.swift */; };
		E269B6F91DE72E2200162C7E /* level14.png in Resources */ = {isa = PBXBuildFile; fileRef = E269B6F81DE72E2200162C7E /* level14.png */; };
		E27A4D2F1DE32F0700D97B19 /* level17.png in Resources */ = {isa = PBXBuildFile; fileRef = E27A4D2B1DE32F0700D97B19 /* level17.png */; };
		E27A4D301DE32F0700D97B19 /* level18.png in Resources */ = {isa = PBXBuildFile; fileRef = E27A4D2C1DE32F0700D97B19 /* level18.png */; };
		E27A4D311DE32F0700D97B19 /* level19.png in Resources */ = {isa = PBXBuildFile; fileRef = E27A4D2D1DE32F0700D97B19 /* level19.png */; };
		E27A4D321DE32F0700D97B19 /* level20.png in Resources */ = {isa = PBXBuildFile; fileRef = E27A4D2E1DE32F0700D97B19 /* level20.png */; };
		E2AA74631DE0E2CD00D9E80C /* Level Up-25.png in Resources */ = {isa = PBXBuildFile; fileRef = E2AA74621DE0E2CD00D9E80C /* Level Up-25.png */; };
		E2AA74651DE20D4E00D9E80C /* Level_Down_100.png in Resources */ = {isa = PBXBuildFile; fileRef = E2AA74641DE20D4E00D9E80C /* Level_Down_100.png */; };
		E2AA74701DE2122500D9E80C /* level13.png in Resources */ = {isa = PBXBuildFile; fileRef = E2AA74691DE2122500D9E80C /* level13.png */; };
		E2AA74711DE2122500D9E80C /* level15.png in Resources */ = {isa = PBXBuildFile; fileRef = E2AA746A1DE2122500D9E80C /* level15.png */; };
		E2AA74721DE2122500D9E80C /* level16.png in Resources */ = {isa = PBXBuildFile; fileRef = E2AA746B1DE2122500D9E80C /* level16.png */; };
		E2BC82331E394011005D553E /* MoreInfoViewController.swift in Sources */ = {isa = PBXBuildFile; fileRef = E2BC82321E394011005D553E /* MoreInfoViewController.swift */; };
		E2CE8EDA1E1D68E6008AFF88 /* level11.png in Resources */ = {isa = PBXBuildFile; fileRef = E2CE8ED91E1D68E6008AFF88 /* level11.png */; };
		E2EB80371DDE0AD100983148 /* level12.png in Resources */ = {isa = PBXBuildFile; fileRef = E2EB80361DDE0AD100983148 /* level12.png */; };
		E2FFE47A1E37575900A19987 /* SSDfilled-100.png in Resources */ = {isa = PBXBuildFile; fileRef = E2FFE4791E37575900A19987 /* SSDfilled-100.png */; };
/* End PBXBuildFile section */

/* Begin PBXFileReference section */
		E22496DB1E325B3A0014E1B3 /* ChooseBuildingViewController.swift */ = {isa = PBXFileReference; fileEncoding = 4; lastKnownFileType = sourcecode.swift; path = ChooseBuildingViewController.swift; sourceTree = "<group>"; };
		E22496DD1E356C3D0014E1B3 /* BuildingFromServerTableViewCell.swift */ = {isa = PBXFileReference; fileEncoding = 4; lastKnownFileType = sourcecode.swift; path = BuildingFromServerTableViewCell.swift; sourceTree = "<group>"; };
		E22496DF1E3571940014E1B3 /* DownloadedBuildingsViewController.swift */ = {isa = PBXFileReference; fileEncoding = 4; lastKnownFileType = sourcecode.swift; path = DownloadedBuildingsViewController.swift; sourceTree = "<group>"; };
		E23513961DCE25450002A25B /* iBeacon_iOS.app */ = {isa = PBXFileReference; explicitFileType = wrapper.application; includeInIndex = 0; path = iBeacon_iOS.app; sourceTree = BUILT_PRODUCTS_DIR; };
		E23513991DCE25450002A25B /* AppDelegate.swift */ = {isa = PBXFileReference; lastKnownFileType = sourcecode.swift; path = AppDelegate.swift; sourceTree = "<group>"; };
		E235139B1DCE25450002A25B /* ViewController.swift */ = {isa = PBXFileReference; lastKnownFileType = sourcecode.swift; path = ViewController.swift; sourceTree = "<group>"; };
		E235139E1DCE25450002A25B /* Base */ = {isa = PBXFileReference; lastKnownFileType = file.storyboard; name = Base; path = Base.lproj/Main.storyboard; sourceTree = "<group>"; };
		E23513A01DCE25460002A25B /* Assets.xcassets */ = {isa = PBXFileReference; lastKnownFileType = folder.assetcatalog; path = Assets.xcassets; sourceTree = "<group>"; };
		E23513A31DCE25460002A25B /* Base */ = {isa = PBXFileReference; lastKnownFileType = file.storyboard; name = Base; path = Base.lproj/LaunchScreen.storyboard; sourceTree = "<group>"; };
		E23513A51DCE25460002A25B /* Info.plist */ = {isa = PBXFileReference; lastKnownFileType = text.plist.xml; path = Info.plist; sourceTree = "<group>"; };
		E25E10C61DE5E66500228C5F /* ChooseFloorViewController.swift */ = {isa = PBXFileReference; fileEncoding = 4; lastKnownFileType = sourcecode.swift; path = ChooseFloorViewController.swift; sourceTree = "<group>"; };
		E25E10C81DE5E88300228C5F /* FloorTableViewCell.swift */ = {isa = PBXFileReference; fileEncoding = 4; lastKnownFileType = sourcecode.swift; path = FloorTableViewCell.swift; sourceTree = "<group>"; };
		E25E10CA1DE5F5FC00228C5F /* ParserAndBuilder.swift */ = {isa = PBXFileReference; fileEncoding = 4; lastKnownFileType = sourcecode.swift; path = ParserAndBuilder.swift; sourceTree = "<group>"; };
		E269B6F81DE72E2200162C7E /* level14.png */ = {isa = PBXFileReference; lastKnownFileType = image.png; name = level14.png; path = ../../../Downloads/level14.png; sourceTree = "<group>"; };
		E27A4D2B1DE32F0700D97B19 /* level17.png */ = {isa = PBXFileReference; lastKnownFileType = image.png; name = level17.png; path = ../../../Downloads/maps/uploadedImages/img/strogino/level17.png; sourceTree = "<group>"; };
		E27A4D2C1DE32F0700D97B19 /* level18.png */ = {isa = PBXFileReference; lastKnownFileType = image.png; name = level18.png; path = ../../../Downloads/maps/uploadedImages/img/strogino/level18.png; sourceTree = "<group>"; };
		E27A4D2D1DE32F0700D97B19 /* level19.png */ = {isa = PBXFileReference; lastKnownFileType = image.png; name = level19.png; path = ../../../Downloads/maps/uploadedImages/img/strogino/level19.png; sourceTree = "<group>"; };
		E27A4D2E1DE32F0700D97B19 /* level20.png */ = {isa = PBXFileReference; lastKnownFileType = image.png; name = level20.png; path = ../../../Downloads/maps/uploadedImages/img/strogino/level20.png; sourceTree = "<group>"; };
		E2AA74621DE0E2CD00D9E80C /* Level Up-25.png */ = {isa = PBXFileReference; lastKnownFileType = image.png; name = "Level Up-25.png"; path = "../../../Downloads/Level Up-25.png"; sourceTree = "<group>"; };
		E2AA74641DE20D4E00D9E80C /* Level_Down_100.png */ = {isa = PBXFileReference; lastKnownFileType = image.png; name = Level_Down_100.png; path = ../../Level_Down_100.png; sourceTree = "<group>"; };
		E2AA74691DE2122500D9E80C /* level13.png */ = {isa = PBXFileReference; lastKnownFileType = image.png; name = level13.png; path = ../../../Downloads/maps/uploadedImages/BWmaps/level13.png; sourceTree = "<group>"; };
		E2AA746A1DE2122500D9E80C /* level15.png */ = {isa = PBXFileReference; lastKnownFileType = image.png; name = level15.png; path = ../../../Downloads/maps/uploadedImages/BWmaps/level15.png; sourceTree = "<group>"; };
		E2AA746B1DE2122500D9E80C /* level16.png */ = {isa = PBXFileReference; lastKnownFileType = image.png; name = level16.png; path = ../../../Downloads/maps/uploadedImages/BWmaps/level16.png; sourceTree = "<group>"; };
		E2BC82321E394011005D553E /* MoreInfoViewController.swift */ = {isa = PBXFileReference; fileEncoding = 4; lastKnownFileType = sourcecode.swift; path = MoreInfoViewController.swift; sourceTree = "<group>"; };
		E2CE8ED91E1D68E6008AFF88 /* level11.png */ = {isa = PBXFileReference; lastKnownFileType = image.png; name = level11.png; path = ../../../Downloads/maps/uploadedImages/img/strogino/level11.png; sourceTree = "<group>"; };
		E2EB80361DDE0AD100983148 /* level12.png */ = {isa = PBXFileReference; lastKnownFileType = image.png; name = level12.png; path = ../../../Downloads/maps/uploadedImages/img/strogino/level12.png; sourceTree = "<group>"; };
		E2FFE4791E37575900A19987 /* SSDfilled-100.png */ = {isa = PBXFileReference; lastKnownFileType = image.png; name = "SSDfilled-100.png"; path = "../../SSDfilled-100.png"; sourceTree = "<group>"; };
/* End PBXFileReference section */

/* Begin PBXFrameworksBuildPhase section */
		E23513931DCE25450002A25B /* Frameworks */ = {
			isa = PBXFrameworksBuildPhase;
			buildActionMask = 2147483647;
			files = (
			);
			runOnlyForDeploymentPostprocessing = 0;
		};
/* End PBXFrameworksBuildPhase section */

/* Begin PBXGroup section */
		E22496E11E363E380014E1B3 /* cellControllers */ = {
			isa = PBXGroup;
			children = (
				E22496DD1E356C3D0014E1B3 /* BuildingFromServerTableViewCell.swift */,
				E25E10C81DE5E88300228C5F /* FloorTableViewCell.swift */,
			);
			name = cellControllers;
			sourceTree = "<group>";
		};
		E235138D1DCE25450002A25B = {
			isa = PBXGroup;
			children = (
				E23513981DCE25450002A25B /* iBeacon_iOS */,
				E23513971DCE25450002A25B /* Products */,
			);
			sourceTree = "<group>";
		};
		E23513971DCE25450002A25B /* Products */ = {
			isa = PBXGroup;
			children = (
				E23513961DCE25450002A25B /* iBeacon_iOS.app */,
			);
			name = Products;
			sourceTree = "<group>";
		};
		E23513981DCE25450002A25B /* iBeacon_iOS */ = {
			isa = PBXGroup;
			children = (
				E2AA74661DE2114B00D9E80C /* Buttons */,
				E23513AB1DCE26F80002A25B /* tiles */,
				E23513991DCE25450002A25B /* AppDelegate.swift */,
				E22496DB1E325B3A0014E1B3 /* ChooseBuildingViewController.swift */,
				E22496DF1E3571940014E1B3 /* DownloadedBuildingsViewController.swift */,
				E2BC82321E394011005D553E /* MoreInfoViewController.swift */,
				E25E10C61DE5E66500228C5F /* ChooseFloorViewController.swift */,
				E235139B1DCE25450002A25B /* ViewController.swift */,
				E25E10CA1DE5F5FC00228C5F /* ParserAndBuilder.swift */,
				E235139D1DCE25450002A25B /* Main.storyboard */,
				E22496E11E363E380014E1B3 /* cellControllers */,
				E23513A01DCE25460002A25B /* Assets.xcassets */,
				E23513A21DCE25460002A25B /* LaunchScreen.storyboard */,
				E23513A51DCE25460002A25B /* Info.plist */,
			);
			path = iBeacon_iOS;
			sourceTree = "<group>";
		};
		E23513AB1DCE26F80002A25B /* tiles */ = {
			isa = PBXGroup;
			children = (
				E2CE8ED91E1D68E6008AFF88 /* level11.png */,
				E2EB80361DDE0AD100983148 /* level12.png */,
				E2AA74691DE2122500D9E80C /* level13.png */,
				E269B6F81DE72E2200162C7E /* level14.png */,
				E2AA746A1DE2122500D9E80C /* level15.png */,
				E2AA746B1DE2122500D9E80C /* level16.png */,
				E27A4D2B1DE32F0700D97B19 /* level17.png */,
				E27A4D2C1DE32F0700D97B19 /* level18.png */,
				E27A4D2D1DE32F0700D97B19 /* level19.png */,
				E27A4D2E1DE32F0700D97B19 /* level20.png */,
			);
			name = tiles;
			sourceTree = "<group>";
		};
		E2AA74661DE2114B00D9E80C /* Buttons */ = {
			isa = PBXGroup;
			children = (
				E2FFE4791E37575900A19987 /* SSDfilled-100.png */,
				E2AA74621DE0E2CD00D9E80C /* Level Up-25.png */,
				E2AA74641DE20D4E00D9E80C /* Level_Down_100.png */,
			);
			name = Buttons;
			sourceTree = "<group>";
		};
/* End PBXGroup section */

/* Begin PBXNativeTarget section */
		E23513951DCE25450002A25B /* iBeacon_iOS */ = {
			isa = PBXNativeTarget;
			buildConfigurationList = E23513A81DCE25460002A25B /* Build configuration list for PBXNativeTarget "iBeacon_iOS" */;
			buildPhases = (
				E23513921DCE25450002A25B /* Sources */,
				E23513931DCE25450002A25B /* Frameworks */,
				E23513941DCE25450002A25B /* Resources */,
			);
			buildRules = (
			);
			dependencies = (
			);
			name = iBeacon_iOS;
			productName = iBeacon_iOS;
			productReference = E23513961DCE25450002A25B /* iBeacon_iOS.app */;
			productType = "com.apple.product-type.application";
		};
/* End PBXNativeTarget section */

/* Begin PBXProject section */
		E235138E1DCE25450002A25B /* Project object */ = {
			isa = PBXProject;
			attributes = {
				LastSwiftUpdateCheck = 0810;
				LastUpgradeCheck = 0820;
				ORGANIZATIONNAME = "Ivan Pryadchenko";
				TargetAttributes = {
					E23513951DCE25450002A25B = {
						CreatedOnToolsVersion = 8.1;
						DevelopmentTeam = MGDFYF2DS8;
						ProvisioningStyle = Automatic;
					};
				};
			};
			buildConfigurationList = E23513911DCE25450002A25B /* Build configuration list for PBXProject "iBeacon_iOS" */;
			compatibilityVersion = "Xcode 3.2";
			developmentRegion = English;
			hasScannedForEncodings = 0;
			knownRegions = (
				en,
				Base,
			);
			mainGroup = E235138D1DCE25450002A25B;
			productRefGroup = E23513971DCE25450002A25B /* Products */;
			projectDirPath = "";
			projectRoot = "";
			targets = (
				E23513951DCE25450002A25B /* iBeacon_iOS */,
			);
		};
/* End PBXProject section */

/* Begin PBXResourcesBuildPhase section */
		E23513941DCE25450002A25B /* Resources */ = {
			isa = PBXResourcesBuildPhase;
			buildActionMask = 2147483647;
			files = (
				E2AA74631DE0E2CD00D9E80C /* Level Up-25.png in Resources */,
				E23513A41DCE25460002A25B /* LaunchScreen.storyboard in Resources */,
				E2AA74711DE2122500D9E80C /* level15.png in Resources */,
				E2EB80371DDE0AD100983148 /* level12.png in Resources */,
				E27A4D311DE32F0700D97B19 /* level19.png in Resources */,
				E2CE8EDA1E1D68E6008AFF88 /* level11.png in Resources */,
				E27A4D301DE32F0700D97B19 /* level18.png in Resources */,
				E269B6F91DE72E2200162C7E /* level14.png in Resources */,
				E2AA74651DE20D4E00D9E80C /* Level_Down_100.png in Resources */,
				E27A4D321DE32F0700D97B19 /* level20.png in Resources */,
				E2AA74721DE2122500D9E80C /* level16.png in Resources */,
				E2AA74701DE2122500D9E80C /* level13.png in Resources */,
				E2FFE47A1E37575900A19987 /* SSDfilled-100.png in Resources */,
				E27A4D2F1DE32F0700D97B19 /* level17.png in Resources */,
				E23513A11DCE25460002A25B /* Assets.xcassets in Resources */,
				E235139F1DCE25450002A25B /* Main.storyboard in Resources */,
			);
			runOnlyForDeploymentPostprocessing = 0;
		};
/* End PBXResourcesBuildPhase section */

/* Begin PBXSourcesBuildPhase section */
		E23513921DCE25450002A25B /* Sources */ = {
			isa = PBXSourcesBuildPhase;
			buildActionMask = 2147483647;
			files = (
				E25E10CB1DE5F5FC00228C5F /* ParserAndBuilder.swift in Sources */,
				E25E10C91DE5E88300228C5F /* FloorTableViewCell.swift in Sources */,
				E25E10C71DE5E66500228C5F /* ChooseFloorViewController.swift in Sources */,
				E22496E01E3571940014E1B3 /* DownloadedBuildingsViewController.swift in Sources */,
				E235139C1DCE25450002A25B /* ViewController.swift in Sources */,
				E235139A1DCE25450002A25B /* AppDelegate.swift in Sources */,
				E2BC82331E394011005D553E /* MoreInfoViewController.swift in Sources */,
				E22496DC1E325B3A0014E1B3 /* ChooseBuildingViewController.swift in Sources */,
				E22496DE1E356C3D0014E1B3 /* BuildingFromServerTableViewCell.swift in Sources */,
			);
			runOnlyForDeploymentPostprocessing = 0;
		};
/* End PBXSourcesBuildPhase section */

/* Begin PBXVariantGroup section */
		E235139D1DCE25450002A25B /* Main.storyboard */ = {
			isa = PBXVariantGroup;
			children = (
				E235139E1DCE25450002A25B /* Base */,
			);
			name = Main.storyboard;
			sourceTree = "<group>";
		};
		E23513A21DCE25460002A25B /* LaunchScreen.storyboard */ = {
			isa = PBXVariantGroup;
			children = (
				E23513A31DCE25460002A25B /* Base */,
			);
			name = LaunchScreen.storyboard;
			sourceTree = "<group>";
		};
/* End PBXVariantGroup section */

/* Begin XCBuildConfiguration section */
		E23513A61DCE25460002A25B /* Debug */ = {
			isa = XCBuildConfiguration;
			buildSettings = {
				ALWAYS_SEARCH_USER_PATHS = NO;
				CLANG_ANALYZER_NONNULL = YES;
				CLANG_CXX_LANGUAGE_STANDARD = "gnu++0x";
				CLANG_CXX_LIBRARY = "libc++";
				CLANG_ENABLE_MODULES = YES;
				CLANG_ENABLE_OBJC_ARC = YES;
				CLANG_WARN_BOOL_CONVERSION = YES;
				CLANG_WARN_CONSTANT_CONVERSION = YES;
				CLANG_WARN_DIRECT_OBJC_ISA_USAGE = YES_ERROR;
				CLANG_WARN_DOCUMENTATION_COMMENTS = YES;
				CLANG_WARN_EMPTY_BODY = YES;
				CLANG_WARN_ENUM_CONVERSION = YES;
				CLANG_WARN_INFINITE_RECURSION = YES;
				CLANG_WARN_INT_CONVERSION = YES;
				CLANG_WARN_OBJC_ROOT_CLASS = YES_ERROR;
				CLANG_WARN_SUSPICIOUS_MOVE = YES;
				CLANG_WARN_SUSPICIOUS_MOVES = YES;
				CLANG_WARN_UNREACHABLE_CODE = YES;
				CLANG_WARN__DUPLICATE_METHOD_MATCH = YES;
				"CODE_SIGN_IDENTITY[sdk=iphoneos*]" = "iPhone Developer";
				COPY_PHASE_STRIP = NO;
				DEBUG_INFORMATION_FORMAT = dwarf;
				ENABLE_STRICT_OBJC_MSGSEND = YES;
				ENABLE_TESTABILITY = YES;
				GCC_C_LANGUAGE_STANDARD = gnu99;
				GCC_DYNAMIC_NO_PIC = NO;
				GCC_NO_COMMON_BLOCKS = YES;
				GCC_OPTIMIZATION_LEVEL = 0;
				GCC_PREPROCESSOR_DEFINITIONS = (
					"DEBUG=1",
					"$(inherited)",
				);
				GCC_WARN_64_TO_32_BIT_CONVERSION = YES;
				GCC_WARN_ABOUT_RETURN_TYPE = YES_ERROR;
				GCC_WARN_UNDECLARED_SELECTOR = YES;
				GCC_WARN_UNINITIALIZED_AUTOS = YES_AGGRESSIVE;
				GCC_WARN_UNUSED_FUNCTION = YES;
				GCC_WARN_UNUSED_VARIABLE = YES;
				IPHONEOS_DEPLOYMENT_TARGET = 10.1;
				MTL_ENABLE_DEBUG_INFO = YES;
				ONLY_ACTIVE_ARCH = YES;
				SDKROOT = iphoneos;
				SWIFT_ACTIVE_COMPILATION_CONDITIONS = DEBUG;
				SWIFT_OPTIMIZATION_LEVEL = "-Onone";
				TARGETED_DEVICE_FAMILY = "1,2";
			};
			name = Debug;
		};
		E23513A71DCE25460002A25B /* Release */ = {
			isa = XCBuildConfiguration;
			buildSettings = {
				ALWAYS_SEARCH_USER_PATHS = NO;
				CLANG_ANALYZER_NONNULL = YES;
				CLANG_CXX_LANGUAGE_STANDARD = "gnu++0x";
				CLANG_CXX_LIBRARY = "libc++";
				CLANG_ENABLE_MODULES = YES;
				CLANG_ENABLE_OBJC_ARC = YES;
				CLANG_WARN_BOOL_CONVERSION = YES;
				CLANG_WARN_CONSTANT_CONVERSION = YES;
				CLANG_WARN_DIRECT_OBJC_ISA_USAGE = YES_ERROR;
				CLANG_WARN_DOCUMENTATION_COMMENTS = YES;
				CLANG_WARN_EMPTY_BODY = YES;
				CLANG_WARN_ENUM_CONVERSION = YES;
				CLANG_WARN_INFINITE_RECURSION = YES;
				CLANG_WARN_INT_CONVERSION = YES;
				CLANG_WARN_OBJC_ROOT_CLASS = YES_ERROR;
				CLANG_WARN_SUSPICIOUS_MOVE = YES;
				CLANG_WARN_SUSPICIOUS_MOVES = YES;
				CLANG_WARN_UNREACHABLE_CODE = YES;
				CLANG_WARN__DUPLICATE_METHOD_MATCH = YES;
				"CODE_SIGN_IDENTITY[sdk=iphoneos*]" = "iPhone Developer";
				COPY_PHASE_STRIP = NO;
				DEBUG_INFORMATION_FORMAT = "dwarf-with-dsym";
				ENABLE_NS_ASSERTIONS = NO;
				ENABLE_STRICT_OBJC_MSGSEND = YES;
				GCC_C_LANGUAGE_STANDARD = gnu99;
				GCC_NO_COMMON_BLOCKS = YES;
				GCC_WARN_64_TO_32_BIT_CONVERSION = YES;
				GCC_WARN_ABOUT_RETURN_TYPE = YES_ERROR;
				GCC_WARN_UNDECLARED_SELECTOR = YES;
				GCC_WARN_UNINITIALIZED_AUTOS = YES_AGGRESSIVE;
				GCC_WARN_UNUSED_FUNCTION = YES;
				GCC_WARN_UNUSED_VARIABLE = YES;
				IPHONEOS_DEPLOYMENT_TARGET = 10.1;
				MTL_ENABLE_DEBUG_INFO = NO;
				SDKROOT = iphoneos;
				SWIFT_OPTIMIZATION_LEVEL = "-Owholemodule";
				TARGETED_DEVICE_FAMILY = "1,2";
				VALIDATE_PRODUCT = YES;
			};
			name = Release;
		};
		E23513A91DCE25460002A25B /* Debug */ = {
			isa = XCBuildConfiguration;
			buildSettings = {
				ASSETCATALOG_COMPILER_APPICON_NAME = AppIcon;
				CODE_SIGN_IDENTITY = "iPhone Developer";
				"CODE_SIGN_IDENTITY[sdk=iphoneos*]" = "iPhone Developer";
				DEVELOPMENT_TEAM = MGDFYF2DS8;
				INFOPLIST_FILE = iBeacon_iOS/Info.plist;
				IPHONEOS_DEPLOYMENT_TARGET = 10.0;
				LD_RUNPATH_SEARCH_PATHS = "$(inherited) @executable_path/Frameworks";
				PRODUCT_BUNDLE_IDENTIFIER = "miem.hse.ru.iBeacon-iOS";
				PRODUCT_NAME = "$(TARGET_NAME)";
				SWIFT_VERSION = 3.0;
			};
			name = Debug;
		};
		E23513AA1DCE25460002A25B /* Release */ = {
			isa = XCBuildConfiguration;
			buildSettings = {
				ASSETCATALOG_COMPILER_APPICON_NAME = AppIcon;
				DEVELOPMENT_TEAM = MGDFYF2DS8;
				INFOPLIST_FILE = iBeacon_iOS/Info.plist;
				IPHONEOS_DEPLOYMENT_TARGET = 10.0;
				LD_RUNPATH_SEARCH_PATHS = "$(inherited) @executable_path/Frameworks";
				PRODUCT_BUNDLE_IDENTIFIER = "miem.hse.ru.iBeacon-iOS";
				PRODUCT_NAME = "$(TARGET_NAME)";
				SWIFT_VERSION = 3.0;
			};
			name = Release;
		};
/* End XCBuildConfiguration section */

/* Begin XCConfigurationList section */
		E23513911DCE25450002A25B /* Build configuration list for PBXProject "iBeacon_iOS" */ = {
			isa = XCConfigurationList;
			buildConfigurations = (
				E23513A61DCE25460002A25B /* Debug */,
				E23513A71DCE25460002A25B /* Release */,
			);
			defaultConfigurationIsVisible = 0;
			defaultConfigurationName = Release;
		};
		E23513A81DCE25460002A25B /* Build configuration list for PBXNativeTarget "iBeacon_iOS" */ = {
			isa = XCConfigurationList;
			buildConfigurations = (
				E23513A91DCE25460002A25B /* Debug */,
				E23513AA1DCE25460002A25B /* Release */,
			);
			defaultConfigurationIsVisible = 0;
			defaultConfigurationName = Release;
		};
/* End XCConfigurationList section */
	};
	rootObject = E235138E1DCE25450002A25B /* Project object */;
}
